
Microsoft Visual Studio Solution File, Format Version 12.00
# Visual Studio Version 16
VisualStudioVersion = 16.0.30413.136
MinimumVisualStudioVersion = 10.0.40219.1
Project("{FAE04EC0-301F-11D3-BF4B-00C04F79EFBC}") = "BoxBuilder", "BoxBuilder\BoxBuilder.csproj", "{5FD5BDC2-DFA8-4FCF-A407-8AD570410C68}"
EndProject
Global
	GlobalSection(SolutionConfigurationPlatforms) = preSolution
		Debug|Any CPU = Debug|Any CPU
		Release|Any CPU = Release|Any CPU
	EndGlobalSection
	GlobalSection(ProjectConfigurationPlatforms) = postSolution
		{5FD5BDC2-DFA8-4FCF-A407-8AD570410C68}.Debug|Any CPU.ActiveCfg = Debug|Any CPU
		{5FD5BDC2-DFA8-4FCF-A407-8AD570410C68}.Debug|Any CPU.Build.0 = Debug|Any CPU
		{5FD5BDC2-DFA8-4FCF-A407-8AD570410C68}.Release|Any CPU.ActiveCfg = Release|Any CPU
		{5FD5BDC2-DFA8-4FCF-A407-8AD570410C68}.Release|Any CPU.Build.0 = Release|Any CPU
	EndGlobalSection
	GlobalSection(SolutionProperties) = preSolution
		HideSolutionNode = FALSE
	EndGlobalSection
	GlobalSection(ExtensibilityGlobals) = postSolution
		SolutionGuid = {CD8114CA-DA94-4D93-A656-D28468B2223A}
	EndGlobalSection
EndGlobal
